{
  "name": "prepros-project",
  "version": "1.0.0",
  "lockfileVersion": 1,
  "requires": true,
  "dependencies": {
    "@lottiefiles/lottie-interactivity": {
      "version": "1.6.1",
      "resolved": "https://registry.npmjs.org/@lottiefiles/lottie-interactivity/-/lottie-interactivity-1.6.1.tgz",
      "integrity": "sha512-ZQE+1I5nqLPOWgsK0tEeG9RQDfBDBLu2WrWwz2c6+pOvgiYObRR2Z1+16suNStXkGbN5+vKYok8Bw7DZwffVRQ==",
      "dev": true,
      "requires": {
        "core-js": "3"
      }
    },
    "core-js": {
      "version": "3.26.1",
      "resolved": "https://registry.npmjs.org/core-js/-/core-js-3.26.1.tgz",
      "integrity": "sha512-21491RRQVzUn0GGM9Z1Jrpr6PNPxPi+Za8OM9q4tksTSnlbXXGKK1nXNg/QvwFYettXvSX6zWKCtHHfjN4puyA==",
      "dev": true
    }
  }
}
